<?xml version="1.0" encoding="utf-8"?>
<Project ToolsVersion="4.0" xmlns="http://schemas.microsoft.com/developer/msbuild/2003">
  <ItemGroup>
    <Filter Include="Source Files">
      <UniqueIdentifier>{4FC737F1-C7A5-4376-A066-2A32D752A2FF}</UniqueIdentifier>
      <Extensions>cpp;c;cc;cxx;def;odl;idl;hpj;bat;asm;asmx</Extensions>
    </Filter>
    <Filter Include="Header Files">
      <UniqueIdentifier>{93995380-89BD-4b04-88EB-625FBE52EBFB}</UniqueIdentifier>
      <Extensions>h;hh;hpp;hxx;hm;inl;inc;xsd</Extensions>
    </Filter>
    <Filter Include="Resource Files">
      <UniqueIdentifier>{67DA6AB6-F800-4c08-8B7A-83BB121AAD01}</UniqueIdentifier>
      <Extensions>rc;ico;cur;bmp;dlg;rc2;rct;bin;rgs;gif;jpg;jpeg;jpe;resx;tiff;tif;png;wav;mfcribbon-ms</Extensions>
    </Filter>
    <Filter Include="Source Files\src">
      <UniqueIdentifier>{67173168-0191-4f1a-9c7f-192a488f6f7a}</UniqueIdentifier>
    </Filter>
    <Filter Include="Header Files\src">
      <UniqueIdentifier>{e92b07e9-3e19-4725-85dc-2b947d0de5a2}</UniqueIdentifier>
    </Filter>
    <Filter Include="Header Files\src\Strategies">
      <UniqueIdentifier>{996038aa-720c-4de0-8cf1-38fbedf7d805}</UniqueIdentifier>
    </Filter>
    <Filter Include="Source Files\src\Strategies">
      <UniqueIdentifier>{32f95d2a-67a7-4058-98d9-ce48537c6276}</UniqueIdentifier>
    </Filter>
  </ItemGroup>
  <ItemGroup>
    <ClCompile Include="src\main.cpp">
      <Filter>Source Files\src</Filter>
    </ClCompile>
    <ClCompile Include="src\streamer.cpp">
      <Filter>Source Files\src</Filter>
    </ClCompile>
    <ClCompile Include="src\strategies\RTPStreamingStrategy.cpp">
      <Filter>Source Files\src\Strategies</Filter>
    </ClCompile>
    <ClCompile Include="src\strategies\FileStreamingStrategy.cpp">
      <Filter>Source Files\src\Strategies</Filter>
    </ClCompile>
  </ItemGroup>
  <ItemGroup>
    <ClInclude Include="src\streamer.h">
      <Filter>Header Files\src</Filter>
    </ClInclude>
    <ClInclude Include="src\strategies\IStreamingStrategy.h">
      <Filter>Header Files\src\Strategies</Filter>
    </ClInclude>
    <ClInclude Include="src\strategies\FileStreamingStrategy.h">
      <Filter>Header Files\src\Strategies</Filter>
    </ClInclude>
    <ClInclude Include="src\strategies\RTPStreamingStrategy.h">
      <Filter>Header Files\src\Strategies</Filter>
    </ClInclude>
  </ItemGroup>
</Project>